
Microsoft Visual Studio Solution File, Format Version 12.00
# Visual Studio Version 17
VisualStudioVersion = 17.6.33801.468
MinimumVisualStudioVersion = 10.0.40219.1
Project("{FAE04EC0-301F-11D3-BF4B-00C04F79EFBC}") = "EmployeeManagement", "EmployeeManagement\EmployeeManagement.csproj", "{AAF4FE80-C482-4021-848E-10A347C396EC}"
EndProject
Global
	GlobalSection(SolutionConfigurationPlatforms) = preSolution
		Debug|Any CPU = Debug|Any CPU
		Release|Any CPU = Release|Any CPU
	EndGlobalSection
	GlobalSection(ProjectConfigurationPlatforms) = postSolution
		{AAF4FE80-C482-4021-848E-10A347C396EC}.Debug|Any CPU.ActiveCfg = Debug|Any CPU
		{AAF4FE80-C482-4021-848E-10A347C396EC}.Debug|Any CPU.Build.0 = Debug|Any CPU
		{AAF4FE80-C482-4021-848E-10A347C396EC}.Release|Any CPU.ActiveCfg = Release|Any CPU
		{AAF4FE80-C482-4021-848E-10A347C396EC}.Release|Any CPU.Build.0 = Release|Any CPU
	EndGlobalSection
	GlobalSection(SolutionProperties) = preSolution
		HideSolutionNode = FALSE
	EndGlobalSection
	GlobalSection(ExtensibilityGlobals) = postSolution
		SolutionGuid = {E0EEE779-3355-4472-AB70-89BB8DB77F98}
	EndGlobalSection
EndGlobal
